// !$*UTF8*$!
{
	archiveVersion = 1;
	classes = {
	};
	objectVersion = 45;
	objects = {

/* Begin PBXAggregateTarget section */
		66B2D8771102647F00997830 /* Modazipin.zip */ = {
			isa = PBXAggregateTarget;
			buildConfigurationList = 66B2D87C110264A400997830 /* Build configuration list for PBXAggregateTarget "Modazipin.zip" */;
			buildPhases = (
				66B2D8761102647F00997830 /* ShellScript */,
			);
			dependencies = (
				66B2D87B1102648600997830 /* PBXTargetDependency */,
			);
			name = Modazipin.zip;
			productName = Zip;
		};
/* End PBXAggregateTarget section */

/* Begin PBXBuildFile section */
		2F7446AB0DB6BCF400F9684A /* MainMenu.xib in Resources */ = {isa = PBXBuildFile; fileRef = 2F7446A70DB6BCF400F9684A /* MainMenu.xib */; };
		6600E6FE11305DF7003B40E3 /* Dazip.xib in Resources */ = {isa = PBXBuildFile; fileRef = 6600E6FD11305DF7003B40E3 /* Dazip.xib */; };
		6604517D11DE373B00F531EB /* FolderArchive.m in Sources */ = {isa = PBXBuildFile; fileRef = 6604517C11DE373B00F531EB /* FolderArchive.m */; };
		6643D44D11B3ADB000B5626D /* NullStore.m in Sources */ = {isa = PBXBuildFile; fileRef = 6643D44C11B3ADB000B5626D /* NullStore.m */; };
		665295EF10F2AC3D0095E65F /* DataStore.m in Sources */ = {isa = PBXBuildFile; fileRef = 665295EE10F2AC3D0095E65F /* DataStore.m */; };
		665295FF10F2ADD20095E65F /* AddInsList.xib in Resources */ = {isa = PBXBuildFile; fileRef = 665295FE10F2ADD20095E65F /* AddInsList.xib */; };
		6652961E10F2AF300095E65F /* AppDelegate.m in Sources */ = {isa = PBXBuildFile; fileRef = 6652961D10F2AF300095E65F /* AppDelegate.m */; };
		6652AD3311DCB0DB0004D59D /* Game.m in Sources */ = {isa = PBXBuildFile; fileRef = 6652AD3211DCB0DB0004D59D /* Game.m */; };
		66581ED610F3A7C00088EC73 /* libarchive.dylib in Frameworks */ = {isa = PBXBuildFile; fileRef = 66581ED510F3A7C00088EC73 /* libarchive.dylib */; };
		66581F0C10F3B0400088EC73 /* Dazip.m in Sources */ = {isa = PBXBuildFile; fileRef = 66581F0B10F3B0400088EC73 /* Dazip.m */; };
		6662531E11C6B74500AA6A27 /* DataProxy.m in Sources */ = {isa = PBXBuildFile; fileRef = 6662531D11C6B74500AA6A27 /* DataProxy.m */; };
		6662533011C6BA6000AA6A27 /* MagickImageRep.m in Sources */ = {isa = PBXBuildFile; fileRef = 6662532F11C6BA6000AA6A27 /* MagickImageRep.m */; };
		6662533C11C6C19A00AA6A27 /* Quartz.framework in Frameworks */ = {isa = PBXBuildFile; fileRef = 6662533A11C6C19A00AA6A27 /* Quartz.framework */; };
		6662533D11C6C19A00AA6A27 /* QuartzCore.framework in Frameworks */ = {isa = PBXBuildFile; fileRef = 6662533B11C6C19A00AA6A27 /* QuartzCore.framework */; };
		66726AED10FD26EB001EB75C /* dragon_4_doc.icns in Resources */ = {isa = PBXBuildFile; fileRef = 66726AEC10FD26EB001EB75C /* dragon_4_doc.icns */; };
		6675043D113191C2002BA240 /* ItemInfo.rtfd in Resources */ = {isa = PBXBuildFile; fileRef = 6675043C113191C2002BA240 /* ItemInfo.rtfd */; };
		667505391131A26D002BA240 /* ItemDetails.html in Resources */ = {isa = PBXBuildFile; fileRef = 667505381131A26D002BA240 /* ItemDetails.html */; };
		667505EE1131AC9F002BA240 /* WebKit.framework in Frameworks */ = {isa = PBXBuildFile; fileRef = 667505ED1131AC9F002BA240 /* WebKit.framework */; };
		6675096E113331E2002BA240 /* grad.png in Resources */ = {isa = PBXBuildFile; fileRef = 6675096D113331E2002BA240 /* grad.png */; };
		668DA1CA113AF21800A66EA8 /* Scanner.m in Sources */ = {isa = PBXBuildFile; fileRef = 66A067B4113AC18400A68244 /* Scanner.m */; };
		668DA283113B084200A66EA8 /* ToolbarDeleteIcon.icns in Resources */ = {isa = PBXBuildFile; fileRef = 668DA23F113B02AD00A66EA8 /* ToolbarDeleteIcon.icns */; };
		66A57FB511C9678C00787850 /* libMagickCore.a in Frameworks */ = {isa = PBXBuildFile; fileRef = 66A57FB411C9678C00787850 /* libMagickCore.a */; };
		66A57FC811C967E500787850 /* libbz2.dylib in Frameworks */ = {isa = PBXBuildFile; fileRef = 66A57FC711C967E500787850 /* libbz2.dylib */; };
		66A57FCC11C967F900787850 /* libz.dylib in Frameworks */ = {isa = PBXBuildFile; fileRef = 66A57FCB11C967F900787850 /* libz.dylib */; };
		66A57FE311C96A7500787850 /* OpenCL.framework in Frameworks */ = {isa = PBXBuildFile; fileRef = 66A57FBA11C967C700787850 /* OpenCL.framework */; };
		66A5800A11C96F3B00787850 /* LICENSE in Resources */ = {isa = PBXBuildFile; fileRef = 66A5800911C96F3B00787850 /* LICENSE */; };
		66B2D8611102644900997830 /* dragon_4.icns in Resources */ = {isa = PBXBuildFile; fileRef = 66893CB210FCF88900A29832 /* dragon_4.icns */; };
		66B6A88911C7DF7C00C4457D /* base64.m in Sources */ = {isa = PBXBuildFile; fileRef = 66B6A88811C7DF7C00C4457D /* base64.m */; };
		66B6A8F711C8006F00C4457D /* DetailsDelegate.m in Sources */ = {isa = PBXBuildFile; fileRef = 66B6A8F611C8006F00C4457D /* DetailsDelegate.m */; };
		66BBE8F4110C704100F4B94A /* DataStoreObject.m in Sources */ = {isa = PBXBuildFile; fileRef = 66BBE8F3110C704100F4B94A /* DataStoreObject.m */; };
		66C74A0E111F0BEF0084E7AC /* DazipArchive.m in Sources */ = {isa = PBXBuildFile; fileRef = 66C749EF111EFB360084E7AC /* DazipArchive.m */; };
		66D0F66210F677F400C5B31A /* erf.c in Sources */ = {isa = PBXBuildFile; fileRef = 66D0F66110F677F400C5B31A /* erf.c */; };
		66D0F76A10F8F54100C5B31A /* ArchiveWrapper.m in Sources */ = {isa = PBXBuildFile; fileRef = 66D0F76910F8F54100C5B31A /* ArchiveWrapper.m */; };
		775BDEF1067A8BF0009058FE /* modazipin.xcdatamodel in Sources */ = {isa = PBXBuildFile; fileRef = 775BDEF0067A8BF0009058FE /* modazipin.xcdatamodel */; };
		775DFF38067A968500C5B868 /* Cocoa.framework in Frameworks */ = {isa = PBXBuildFile; fileRef = 1058C7A7FEA54F5311CA2CBB /* Cocoa.framework */; };
		8D15AC2C0486D014006FF6A4 /* Credits.rtf in Resources */ = {isa = PBXBuildFile; fileRef = 2A37F4B9FDCFA73011CA2CEA /* Credits.rtf */; };
		8D15AC2F0486D014006FF6A4 /* InfoPlist.strings in Resources */ = {isa = PBXBuildFile; fileRef = 089C165FFE840EACC02AAC07 /* InfoPlist.strings */; };
		8D15AC310486D014006FF6A4 /* AddInsList.m in Sources */ = {isa = PBXBuildFile; fileRef = 2A37F4ACFDCFA73011CA2CEA /* AddInsList.m */; settings = {ATTRIBUTES = (); }; };
		8D15AC320486D014006FF6A4 /* main.m in Sources */ = {isa = PBXBuildFile; fileRef = 2A37F4B0FDCFA73011CA2CEA /* main.m */; settings = {ATTRIBUTES = (); }; };
/* End PBXBuildFile section */

/* Begin PBXContainerItemProxy section */
		66A57F9411C9659700787850 /* PBXContainerItemProxy */ = {
			isa = PBXContainerItemProxy;
			containerPortal = 2A37F4A9FDCFA73011CA2CEA /* Project object */;
			proxyType = 1;
			remoteGlobalIDString = 66A57F5D11C951F800787850;
			remoteInfo = ImageMagick;
		};
		66B2D87A1102648600997830 /* PBXContainerItemProxy */ = {
			isa = PBXContainerItemProxy;
			containerPortal = 2A37F4A9FDCFA73011CA2CEA /* Project object */;
			proxyType = 1;
			remoteGlobalIDString = 8D15AC270486D014006FF6A4;
			remoteInfo = modazipin;
		};
/* End PBXContainerItemProxy section */

/* Begin PBXFileReference section */
		089C1660FE840EACC02AAC07 /* English */ = {isa = PBXFileReference; fileEncoding = 10; lastKnownFileType = text.plist.strings; name = English; path = English.lproj/InfoPlist.strings; sourceTree = "<group>"; };
		1058C7A7FEA54F5311CA2CBB /* Cocoa.framework */ = {isa = PBXFileReference; lastKnownFileType = wrapper.framework; name = Cocoa.framework; path = /System/Library/Frameworks/Cocoa.framework; sourceTree = "<absolute>"; };
		2A37F4ACFDCFA73011CA2CEA /* AddInsList.m */ = {isa = PBXFileReference; fileEncoding = 4; lastKnownFileType = sourcecode.c.objc; path = AddInsList.m; sourceTree = "<group>"; };
		2A37F4AEFDCFA73011CA2CEA /* AddInsList.h */ = {isa = PBXFileReference; fileEncoding = 4; lastKnownFileType = sourcecode.c.h; path = AddInsList.h; sourceTree = "<group>"; };
		2A37F4B0FDCFA73011CA2CEA /* main.m */ = {isa = PBXFileReference; fileEncoding = 4; lastKnownFileType = sourcecode.c.objc; path = main.m; sourceTree = "<group>"; };
		2A37F4BAFDCFA73011CA2CEA /* English */ = {isa = PBXFileReference; lastKnownFileType = text.rtf; name = English; path = English.lproj/Credits.rtf; sourceTree = "<group>"; };
		2A37F4C4FDCFA73011CA2CEA /* AppKit.framework */ = {isa = PBXFileReference; lastKnownFileType = wrapper.framework; name = AppKit.framework; path = /System/Library/Frameworks/AppKit.framework; sourceTree = "<absolute>"; };
		2A37F4C5FDCFA73011CA2CEA /* Foundation.framework */ = {isa = PBXFileReference; lastKnownFileType = wrapper.framework; name = Foundation.framework; path = /System/Library/Frameworks/Foundation.framework; sourceTree = "<absolute>"; };
		2F7446A80DB6BCF400F9684A /* English */ = {isa = PBXFileReference; lastKnownFileType = file.xib; name = English; path = English.lproj/MainMenu.xib; sourceTree = "<group>"; };
		2F7446AA0DB6BCF400F9684A /* English */ = {isa = PBXFileReference; lastKnownFileType = file.xib; name = English; path = English.lproj/AddInsList.xib; sourceTree = "<group>"; };
		32DBCF750370BD2300C91783 /* modazipin_Prefix.pch */ = {isa = PBXFileReference; fileEncoding = 4; lastKnownFileType = sourcecode.c.h; path = modazipin_Prefix.pch; sourceTree = "<group>"; };
		6604517B11DE373B00F531EB /* FolderArchive.h */ = {isa = PBXFileReference; fileEncoding = 4; lastKnownFileType = sourcecode.c.h; path = FolderArchive.h; sourceTree = "<group>"; };
		6604517C11DE373B00F531EB /* FolderArchive.m */ = {isa = PBXFileReference; fileEncoding = 4; lastKnownFileType = sourcecode.c.objc; path = FolderArchive.m; sourceTree = "<group>"; };
		6643D44B11B3ADB000B5626D /* NullStore.h */ = {isa = PBXFileReference; fileEncoding = 4; lastKnownFileType = sourcecode.c.h; path = NullStore.h; sourceTree = "<group>"; };
		6643D44C11B3ADB000B5626D /* NullStore.m */ = {isa = PBXFileReference; fileEncoding = 4; lastKnownFileType = sourcecode.c.objc; path = NullStore.m; sourceTree = "<group>"; };
		665295ED10F2AC3D0095E65F /* DataStore.h */ = {isa = PBXFileReference; fileEncoding = 4; lastKnownFileType = sourcecode.c.h; path = DataStore.h; sourceTree = "<group>"; };
		665295EE10F2AC3D0095E65F /* DataStore.m */ = {isa = PBXFileReference; fileEncoding = 4; lastKnownFileType = sourcecode.c.objc; path = DataStore.m; sourceTree = "<group>"; };
		6652961C10F2AF300095E65F /* AppDelegate.h */ = {isa = PBXFileReference; fileEncoding = 4; lastKnownFileType = sourcecode.c.h; path = AppDelegate.h; sourceTree = "<group>"; };
		6652961D10F2AF300095E65F /* AppDelegate.m */ = {isa = PBXFileReference; fileEncoding = 4; lastKnownFileType = sourcecode.c.objc; path = AppDelegate.m; sourceTree = "<group>"; };
		6652AD3111DCB0DB0004D59D /* Game.h */ = {isa = PBXFileReference; fileEncoding = 4; lastKnownFileType = sourcecode.c.h; path = Game.h; sourceTree = "<group>"; };
		6652AD3211DCB0DB0004D59D /* Game.m */ = {isa = PBXFileReference; fileEncoding = 4; lastKnownFileType = sourcecode.c.objc; path = Game.m; sourceTree = "<group>"; };
		66581ECD10F3A7840088EC73 /* archive.h */ = {isa = PBXFileReference; fileEncoding = 4; lastKnownFileType = sourcecode.c.h; name = archive.h; path = include/archive.h; sourceTree = MacPorts; };
		66581ED510F3A7C00088EC73 /* libarchive.dylib */ = {isa = PBXFileReference; lastKnownFileType = "compiled.mach-o.dylib"; name = libarchive.dylib; path = /usr/lib/libarchive.dylib; sourceTree = "<absolute>"; };
		66581EE610F3AAFC0088EC73 /* archive_entry.h */ = {isa = PBXFileReference; fileEncoding = 4; lastKnownFileType = sourcecode.c.h; name = archive_entry.h; path = /opt/local/include/archive_entry.h; sourceTree = "<absolute>"; };
		66581F0410F3B0110088EC73 /* English */ = {isa = PBXFileReference; lastKnownFileType = file.xib; name = English; path = English.lproj/Dazip.xib; sourceTree = "<group>"; };
		66581F0A10F3B0400088EC73 /* Dazip.h */ = {isa = PBXFileReference; fileEncoding = 4; lastKnownFileType = sourcecode.c.h; path = Dazip.h; sourceTree = "<group>"; };
		66581F0B10F3B0400088EC73 /* Dazip.m */ = {isa = PBXFileReference; fileEncoding = 4; lastKnownFileType = sourcecode.c.objc; path = Dazip.m; sourceTree = "<group>"; };
		666252B311C6A5CA00AA6A27 /* MagickCore.h */ = {isa = PBXFileReference; fileEncoding = 4; lastKnownFileType = sourcecode.c.h; name = MagickCore.h; path = ImageMagick/magick/MagickCore.h; sourceTree = SOURCE_ROOT; };
		6662531C11C6B74500AA6A27 /* DataProxy.h */ = {isa = PBXFileReference; fileEncoding = 4; lastKnownFileType = sourcecode.c.h; path = DataProxy.h; sourceTree = "<group>"; };
		6662531D11C6B74500AA6A27 /* DataProxy.m */ = {isa = PBXFileReference; fileEncoding = 4; lastKnownFileType = sourcecode.c.objc; path = DataProxy.m; sourceTree = "<group>"; };
		6662532E11C6BA6000AA6A27 /* MagickImageRep.h */ = {isa = PBXFileReference; fileEncoding = 4; lastKnownFileType = sourcecode.c.h; path = MagickImageRep.h; sourceTree = "<group>"; };
		6662532F11C6BA6000AA6A27 /* MagickImageRep.m */ = {isa = PBXFileReference; fileEncoding = 4; lastKnownFileType = sourcecode.c.objc; path = MagickImageRep.m; sourceTree = "<group>"; };
		6662533A11C6C19A00AA6A27 /* Quartz.framework */ = {isa = PBXFileReference; lastKnownFileType = wrapper.framework; name = Quartz.framework; path = /System/Library/Frameworks/Quartz.framework; sourceTree = "<absolute>"; };
		6662533B11C6C19A00AA6A27 /* QuartzCore.framework */ = {isa = PBXFileReference; lastKnownFileType = wrapper.framework; name = QuartzCore.framework; path = /System/Library/Frameworks/QuartzCore.framework; sourceTree = "<absolute>"; };
		66716B6D10FFB550009F0009 /* TODO.txt */ = {isa = PBXFileReference; fileEncoding = 4; lastKnownFileType = text; path = TODO.txt; sourceTree = "<group>"; };
		66716B6E10FFB5CF009F0009 /* README.rtf */ = {isa = PBXFileReference; lastKnownFileType = text.rtf; path = README.rtf; sourceTree = "<group>"; };
		66726AEC10FD26EB001EB75C /* dragon_4_doc.icns */ = {isa = PBXFileReference; lastKnownFileType = image.icns; path = dragon_4_doc.icns; sourceTree = "<group>"; };
		6675043C113191C2002BA240 /* ItemInfo.rtfd */ = {isa = PBXFileReference; lastKnownFileType = wrapper.rtfd; path = ItemInfo.rtfd; sourceTree = "<group>"; };
		667505381131A26D002BA240 /* ItemDetails.html */ = {isa = PBXFileReference; fileEncoding = 4; lastKnownFileType = text.html; path = ItemDetails.html; sourceTree = "<group>"; };
		667505ED1131AC9F002BA240 /* WebKit.framework */ = {isa = PBXFileReference; lastKnownFileType = wrapper.framework; name = WebKit.framework; path = /System/Library/Frameworks/WebKit.framework; sourceTree = "<absolute>"; };
		6675096D113331E2002BA240 /* grad.png */ = {isa = PBXFileReference; lastKnownFileType = image.png; path = grad.png; sourceTree = "<group>"; };
		66893CB210FCF88900A29832 /* dragon_4.icns */ = {isa = PBXFileReference; lastKnownFileType = image.icns; path = dragon_4.icns; sourceTree = "<group>"; };
		668DA23F113B02AD00A66EA8 /* ToolbarDeleteIcon.icns */ = {isa = PBXFileReference; lastKnownFileType = image.icns; name = ToolbarDeleteIcon.icns; path = /System/Library/CoreServices/CoreTypes.bundle/Contents/Resources/ToolbarDeleteIcon.icns; sourceTree = "<absolute>"; };
		66A067B3113AC18400A68244 /* Scanner.h */ = {isa = PBXFileReference; fileEncoding = 4; lastKnownFileType = sourcecode.c.h; path = Scanner.h; sourceTree = "<group>"; };
		66A067B4113AC18400A68244 /* Scanner.m */ = {isa = PBXFileReference; fileEncoding = 4; lastKnownFileType = sourcecode.c.objc; path = Scanner.m; sourceTree = "<group>"; };
		66A57F9811C965C700787850 /* delegates.xml */ = {isa = PBXFileReference; fileEncoding = 4; lastKnownFileType = text.xml; path = delegates.xml; sourceTree = BUILT_PRODUCTS_DIR; };
		66A57FB411C9678C00787850 /* libMagickCore.a */ = {isa = PBXFileReference; lastKnownFileType = archive.ar; path = libMagickCore.a; sourceTree = BUILT_PRODUCTS_DIR; };
		66A57FBA11C967C700787850 /* OpenCL.framework */ = {isa = PBXFileReference; lastKnownFileType = wrapper.framework; name = OpenCL.framework; path = System/Library/Frameworks/OpenCL.framework; sourceTree = SDKROOT; };
		66A57FC711C967E500787850 /* libbz2.dylib */ = {isa = PBXFileReference; lastKnownFileType = "compiled.mach-o.dylib"; name = libbz2.dylib; path = usr/lib/libbz2.dylib; sourceTree = SDKROOT; };
		66A57FCB11C967F900787850 /* libz.dylib */ = {isa = PBXFileReference; lastKnownFileType = "compiled.mach-o.dylib"; name = libz.dylib; path = usr/lib/libz.dylib; sourceTree = SDKROOT; };
		66A5800911C96F3B00787850 /* LICENSE */ = {isa = PBXFileReference; comments = "Should rename it during copy."; fileEncoding = 4; lastKnownFileType = text; name = LICENSE; path = ImageMagick/LICENSE; sourceTree = SOURCE_ROOT; };
		66A5804411C9764D00787850 /* build-magick.sh */ = {isa = PBXFileReference; fileEncoding = 4; lastKnownFileType = text.script.sh; path = "build-magick.sh"; sourceTree = "<group>"; };
		66B6A88811C7DF7C00C4457D /* base64.m */ = {isa = PBXFileReference; fileEncoding = 4; lastKnownFileType = sourcecode.c.objc; path = base64.m; sourceTree = "<group>"; };
		66B6A88B11C7DF9900C4457D /* base64.h */ = {isa = PBXFileReference; fileEncoding = 4; lastKnownFileType = sourcecode.c.h; path = base64.h; sourceTree = "<group>"; };
		66B6A8F511C8006F00C4457D /* DetailsDelegate.h */ = {isa = PBXFileReference; fileEncoding = 4; lastKnownFileType = sourcecode.c.h; path = DetailsDelegate.h; sourceTree = "<group>"; };
		66B6A8F611C8006F00C4457D /* DetailsDelegate.m */ = {isa = PBXFileReference; fileEncoding = 4; lastKnownFileType = sourcecode.c.objc; path = DetailsDelegate.m; sourceTree = "<group>"; };
		66BBE8F2110C704100F4B94A /* DataStoreObject.h */ = {isa = PBXFileReference; fileEncoding = 4; lastKnownFileType = sourcecode.c.h; path = DataStoreObject.h; sourceTree = "<group>"; };
		66BBE8F3110C704100F4B94A /* DataStoreObject.m */ = {isa = PBXFileReference; fileEncoding = 4; lastKnownFileType = sourcecode.c.objc; path = DataStoreObject.m; sourceTree = "<group>"; };
		66C749EE111EFB360084E7AC /* DazipArchive.h */ = {isa = PBXFileReference; fileEncoding = 4; lastKnownFileType = sourcecode.c.h; path = DazipArchive.h; sourceTree = "<group>"; };
		66C749EF111EFB360084E7AC /* DazipArchive.m */ = {isa = PBXFileReference; fileEncoding = 4; lastKnownFileType = sourcecode.c.objc; path = DazipArchive.m; sourceTree = "<group>"; };
		66D0F65E10F66F2100C5B31A /* erf.h */ = {isa = PBXFileReference; fileEncoding = 4; lastKnownFileType = sourcecode.c.h; path = erf.h; sourceTree = "<group>"; };
		66D0F66110F677F400C5B31A /* erf.c */ = {isa = PBXFileReference; fileEncoding = 4; lastKnownFileType = sourcecode.c.c; path = erf.c; sourceTree = "<group>"; };
		66D0F76810F8F54100C5B31A /* ArchiveWrapper.h */ = {isa = PBXFileReference; fileEncoding = 4; lastKnownFileType = sourcecode.c.h; path = ArchiveWrapper.h; sourceTree = "<group>"; };
		66D0F76910F8F54100C5B31A /* ArchiveWrapper.m */ = {isa = PBXFileReference; fileEncoding = 4; lastKnownFileType = sourcecode.c.objc; path = ArchiveWrapper.m; sourceTree = "<group>"; };
		775BDEF0067A8BF0009058FE /* modazipin.xcdatamodel */ = {isa = PBXFileReference; fileEncoding = 4; lastKnownFileType = wrapper.xcdatamodel; path = modazipin.xcdatamodel; sourceTree = "<group>"; };
		7788DA0506752A1600599AAD /* CoreData.framework */ = {isa = PBXFileReference; lastKnownFileType = wrapper.framework; name = CoreData.framework; path = /System/Library/Frameworks/CoreData.framework; sourceTree = "<absolute>"; };
		8D15AC360486D014006FF6A4 /* modazipin-Info.plist */ = {isa = PBXFileReference; explicitFileType = text.plist.xml; fileEncoding = 4; path = "modazipin-Info.plist"; sourceTree = "<group>"; };
		8D15AC370486D014006FF6A4 /* Modazipin.app */ = {isa = PBXFileReference; explicitFileType = wrapper.application; includeInIndex = 0; path = Modazipin.app; sourceTree = BUILT_PRODUCTS_DIR; };
/* End PBXFileReference section */

/* Begin PBXFrameworksBuildPhase section */
		8D15AC330486D014006FF6A4 /* Frameworks */ = {
			isa = PBXFrameworksBuildPhase;
			buildActionMask = 2147483647;
			files = (
				775DFF38067A968500C5B868 /* Cocoa.framework in Frameworks */,
				66581ED610F3A7C00088EC73 /* libarchive.dylib in Frameworks */,
				667505EE1131AC9F002BA240 /* WebKit.framework in Frameworks */,
				6662533C11C6C19A00AA6A27 /* Quartz.framework in Frameworks */,
				6662533D11C6C19A00AA6A27 /* QuartzCore.framework in Frameworks */,
				66A57FB511C9678C00787850 /* libMagickCore.a in Frameworks */,
				66A57FC811C967E500787850 /* libbz2.dylib in Frameworks */,
				66A57FCC11C967F900787850 /* libz.dylib in Frameworks */,
				66A57FE311C96A7500787850 /* OpenCL.framework in Frameworks */,
			);
			runOnlyForDeploymentPostprocessing = 0;
		};
/* End PBXFrameworksBuildPhase section */

/* Begin PBXGroup section */
		1058C7A6FEA54F5311CA2CBB /* Linked Frameworks */ = {
			isa = PBXGroup;
			children = (
				1058C7A7FEA54F5311CA2CBB /* Cocoa.framework */,
			);
			name = "Linked Frameworks";
			sourceTree = "<group>";
		};
		1058C7A8FEA54F5311CA2CBB /* Other Frameworks */ = {
			isa = PBXGroup;
			children = (
				2A37F4C5FDCFA73011CA2CEA /* Foundation.framework */,
				7788DA0506752A1600599AAD /* CoreData.framework */,
				2A37F4C4FDCFA73011CA2CEA /* AppKit.framework */,
			);
			name = "Other Frameworks";
			sourceTree = "<group>";
		};
		19C28FB0FE9D524F11CA2CBB /* Products */ = {
			isa = PBXGroup;
			children = (
				66A57FB411C9678C00787850 /* libMagickCore.a */,
				66A57F9811C965C700787850 /* delegates.xml */,
				8D15AC370486D014006FF6A4 /* Modazipin.app */,
			);
			name = Products;
			sourceTree = "<group>";
		};
		2A37F4AAFDCFA73011CA2CEA /* modazipin */ = {
			isa = PBXGroup;
			children = (
				66716B6D10FFB550009F0009 /* TODO.txt */,
				775BDEF0067A8BF0009058FE /* modazipin.xcdatamodel */,
				2A37F4ABFDCFA73011CA2CEA /* Classes */,
				2A37F4AFFDCFA73011CA2CEA /* Other Sources */,
				6652AD4C11DCB2B80004D59D /* XIBs */,
				2A37F4B8FDCFA73011CA2CEA /* Resources */,
				2A37F4C3FDCFA73011CA2CEA /* Frameworks */,
				19C28FB0FE9D524F11CA2CBB /* Products */,
			);
			name = modazipin;
			sourceTree = "<group>";
		};
		2A37F4ABFDCFA73011CA2CEA /* Classes */ = {
			isa = PBXGroup;
			children = (
				6604517B11DE373B00F531EB /* FolderArchive.h */,
				6604517C11DE373B00F531EB /* FolderArchive.m */,
				6652AD3111DCB0DB0004D59D /* Game.h */,
				6652AD3211DCB0DB0004D59D /* Game.m */,
				66B6A88B11C7DF9900C4457D /* base64.h */,
				66B6A88811C7DF7C00C4457D /* base64.m */,
				6643D44B11B3ADB000B5626D /* NullStore.h */,
				6643D44C11B3ADB000B5626D /* NullStore.m */,
				66A067B3113AC18400A68244 /* Scanner.h */,
				66A067B4113AC18400A68244 /* Scanner.m */,
				66BBE8F2110C704100F4B94A /* DataStoreObject.h */,
				66BBE8F3110C704100F4B94A /* DataStoreObject.m */,
				66C749EE111EFB360084E7AC /* DazipArchive.h */,
				66C749EF111EFB360084E7AC /* DazipArchive.m */,
				66D0F76810F8F54100C5B31A /* ArchiveWrapper.h */,
				66D0F76910F8F54100C5B31A /* ArchiveWrapper.m */,
				66581F0A10F3B0400088EC73 /* Dazip.h */,
				66581F0B10F3B0400088EC73 /* Dazip.m */,
				665295ED10F2AC3D0095E65F /* DataStore.h */,
				665295EE10F2AC3D0095E65F /* DataStore.m */,
				2A37F4AEFDCFA73011CA2CEA /* AddInsList.h */,
				2A37F4ACFDCFA73011CA2CEA /* AddInsList.m */,
				6652961C10F2AF300095E65F /* AppDelegate.h */,
				6652961D10F2AF300095E65F /* AppDelegate.m */,
				6662531C11C6B74500AA6A27 /* DataProxy.h */,
				6662531D11C6B74500AA6A27 /* DataProxy.m */,
				6662532E11C6BA6000AA6A27 /* MagickImageRep.h */,
				6662532F11C6BA6000AA6A27 /* MagickImageRep.m */,
				66B6A8F511C8006F00C4457D /* DetailsDelegate.h */,
				66B6A8F611C8006F00C4457D /* DetailsDelegate.m */,
			);
			name = Classes;
			sourceTree = "<group>";
		};
		2A37F4AFFDCFA73011CA2CEA /* Other Sources */ = {
			isa = PBXGroup;
			children = (
				66A5804411C9764D00787850 /* build-magick.sh */,
				32DBCF750370BD2300C91783 /* modazipin_Prefix.pch */,
				2A37F4B0FDCFA73011CA2CEA /* main.m */,
				66D0F65E10F66F2100C5B31A /* erf.h */,
				66D0F66110F677F400C5B31A /* erf.c */,
			);
			name = "Other Sources";
			sourceTree = "<group>";
		};
		2A37F4B8FDCFA73011CA2CEA /* Resources */ = {
			isa = PBXGroup;
			children = (
				668DA23F113B02AD00A66EA8 /* ToolbarDeleteIcon.icns */,
				6675096D113331E2002BA240 /* grad.png */,
				667505381131A26D002BA240 /* ItemDetails.html */,
				6675043C113191C2002BA240 /* ItemInfo.rtfd */,
				66716B6E10FFB5CF009F0009 /* README.rtf */,
				66726AEC10FD26EB001EB75C /* dragon_4_doc.icns */,
				66893CB210FCF88900A29832 /* dragon_4.icns */,
				2A37F4B9FDCFA73011CA2CEA /* Credits.rtf */,
				8D15AC360486D014006FF6A4 /* modazipin-Info.plist */,
				089C165FFE840EACC02AAC07 /* InfoPlist.strings */,
			);
			name = Resources;
			sourceTree = "<group>";
		};
		2A37F4C3FDCFA73011CA2CEA /* Frameworks */ = {
			isa = PBXGroup;
			children = (
				66A5800911C96F3B00787850 /* LICENSE */,
				666252B311C6A5CA00AA6A27 /* MagickCore.h */,
				66A57FCB11C967F900787850 /* libz.dylib */,
				66A57FC711C967E500787850 /* libbz2.dylib */,
				66A57FBA11C967C700787850 /* OpenCL.framework */,
				6662533A11C6C19A00AA6A27 /* Quartz.framework */,
				6662533B11C6C19A00AA6A27 /* QuartzCore.framework */,
				667505ED1131AC9F002BA240 /* WebKit.framework */,
				66581EE610F3AAFC0088EC73 /* archive_entry.h */,
				66581ED510F3A7C00088EC73 /* libarchive.dylib */,
				66581ECD10F3A7840088EC73 /* archive.h */,
				1058C7A6FEA54F5311CA2CBB /* Linked Frameworks */,
				1058C7A8FEA54F5311CA2CBB /* Other Frameworks */,
			);
			name = Frameworks;
			sourceTree = "<group>";
		};
		6652AD4C11DCB2B80004D59D /* XIBs */ = {
			isa = PBXGroup;
			children = (
				665295FE10F2ADD20095E65F /* AddInsList.xib */,
				6600E6FD11305DF7003B40E3 /* Dazip.xib */,
				2F7446A70DB6BCF400F9684A /* MainMenu.xib */,
			);
			name = XIBs;
			sourceTree = "<group>";
		};
/* End PBXGroup section */

/* Begin PBXLegacyTarget section */
		66A57F5D11C951F800787850 /* ImageMagick */ = {
			isa = PBXLegacyTarget;
			buildArgumentsString = "build-magick.sh $ACTION";
			buildConfigurationList = 66A57F6011C9521600787850 /* Build configuration list for PBXLegacyTarget "ImageMagick" */;
			buildPhases = (
			);
			buildToolPath = /bin/sh;
			buildWorkingDirectory = "";
			dependencies = (
			);
			name = ImageMagick;
			passBuildSettingsInEnvironment = 1;
			productName = ImageMagick;
		};
/* End PBXLegacyTarget section */

/* Begin PBXNativeTarget section */
		8D15AC270486D014006FF6A4 /* Modazipin */ = {
			isa = PBXNativeTarget;
			buildConfigurationList = 26FC0AA50875C8B900E6366F /* Build configuration list for PBXNativeTarget "Modazipin" */;
			buildPhases = (
				8D15AC2B0486D014006FF6A4 /* Resources */,
				8D15AC300486D014006FF6A4 /* Sources */,
				8D15AC330486D014006FF6A4 /* Frameworks */,
			);
			buildRules = (
			);
			dependencies = (
				66A57F9511C9659700787850 /* PBXTargetDependency */,
			);
			name = Modazipin;
			productInstallPath = "$(HOME)/Applications";
			productName = modazipin;
			productReference = 8D15AC370486D014006FF6A4 /* Modazipin.app */;
			productType = "com.apple.product-type.application";
		};
/* End PBXNativeTarget section */

/* Begin PBXProject section */
		2A37F4A9FDCFA73011CA2CEA /* Project object */ = {
			isa = PBXProject;
			buildConfigurationList = 26FC0AA90875C8B900E6366F /* Build configuration list for PBXProject "modazipin" */;
			compatibilityVersion = "Xcode 3.1";
			hasScannedForEncodings = 1;
			mainGroup = 2A37F4AAFDCFA73011CA2CEA /* modazipin */;
			projectDirPath = "";
			projectRoot = "";
			targets = (
				66B2D8771102647F00997830 /* Modazipin.zip */,
				8D15AC270486D014006FF6A4 /* Modazipin */,
				66A57F5D11C951F800787850 /* ImageMagick */,
			);
		};
/* End PBXProject section */

/* Begin PBXResourcesBuildPhase section */
		8D15AC2B0486D014006FF6A4 /* Resources */ = {
			isa = PBXResourcesBuildPhase;
			buildActionMask = 2147483647;
			files = (
				8D15AC2C0486D014006FF6A4 /* Credits.rtf in Resources */,
				8D15AC2F0486D014006FF6A4 /* InfoPlist.strings in Resources */,
				2F7446AB0DB6BCF400F9684A /* MainMenu.xib in Resources */,
				665295FF10F2ADD20095E65F /* AddInsList.xib in Resources */,
				6600E6FE11305DF7003B40E3 /* Dazip.xib in Resources */,
				66726AED10FD26EB001EB75C /* dragon_4_doc.icns in Resources */,
				66B2D8611102644900997830 /* dragon_4.icns in Resources */,
				6675043D113191C2002BA240 /* ItemInfo.rtfd in Resources */,
				667505391131A26D002BA240 /* ItemDetails.html in Resources */,
				6675096E113331E2002BA240 /* grad.png in Resources */,
				668DA283113B084200A66EA8 /* ToolbarDeleteIcon.icns in Resources */,
				66A5800A11C96F3B00787850 /* LICENSE in Resources */,
			);
			runOnlyForDeploymentPostprocessing = 0;
		};
/* End PBXResourcesBuildPhase section */

/* Begin PBXShellScriptBuildPhase section */
		66B2D8761102647F00997830 /* ShellScript */ = {
			isa = PBXShellScriptBuildPhase;
			buildActionMask = 12;
			files = (
			);
			inputPaths = (
				"$(SRCROOT)/README.rtf",
				"$(TARGET_BUILD_DIR)/Modazipin.app",
			);
			outputPaths = (
				"$(TARGET_BUILD_DIR)/${PRODUCT_NAME}",
			);
			runOnlyForDeploymentPostprocessing = 0;
			shellPath = /bin/sh;
			shellScript = "# shell script goes here\nif [ \"$CONFIGURATION\" != \"Release\" ]; then\n\texit 1\nfi\ncd \"$TARGET_BUILD_DIR\"\nrm -f \"$PRODUCT_NAME\"\nzip -r \"$PRODUCT_NAME\" Modazipin.app\nzip -j \"$PRODUCT_NAME\" \"$SRCROOT/README.rtf\"";
			showEnvVarsInLog = 0;
		};
/* End PBXShellScriptBuildPhase section */

/* Begin PBXSourcesBuildPhase section */
		8D15AC300486D014006FF6A4 /* Sources */ = {
			isa = PBXSourcesBuildPhase;
			buildActionMask = 2147483647;
			files = (
				8D15AC310486D014006FF6A4 /* AddInsList.m in Sources */,
				8D15AC320486D014006FF6A4 /* main.m in Sources */,
				775BDEF1067A8BF0009058FE /* modazipin.xcdatamodel in Sources */,
				665295EF10F2AC3D0095E65F /* DataStore.m in Sources */,
				6652961E10F2AF300095E65F /* AppDelegate.m in Sources */,
				66581F0C10F3B0400088EC73 /* Dazip.m in Sources */,
				66D0F66210F677F400C5B31A /* erf.c in Sources */,
				66D0F76A10F8F54100C5B31A /* ArchiveWrapper.m in Sources */,
				66BBE8F4110C704100F4B94A /* DataStoreObject.m in Sources */,
				66C74A0E111F0BEF0084E7AC /* DazipArchive.m in Sources */,
				668DA1CA113AF21800A66EA8 /* Scanner.m in Sources */,
				6643D44D11B3ADB000B5626D /* NullStore.m in Sources */,
				6662531E11C6B74500AA6A27 /* DataProxy.m in Sources */,
				6662533011C6BA6000AA6A27 /* MagickImageRep.m in Sources */,
				66B6A88911C7DF7C00C4457D /* base64.m in Sources */,
				66B6A8F711C8006F00C4457D /* DetailsDelegate.m in Sources */,
				6652AD3311DCB0DB0004D59D /* Game.m in Sources */,
				6604517D11DE373B00F531EB /* FolderArchive.m in Sources */,
			);
			runOnlyForDeploymentPostprocessing = 0;
		};
/* End PBXSourcesBuildPhase section */

/* Begin PBXTargetDependency section */
		66A57F9511C9659700787850 /* PBXTargetDependency */ = {
			isa = PBXTargetDependency;
			target = 66A57F5D11C951F800787850 /* ImageMagick */;
			targetProxy = 66A57F9411C9659700787850 /* PBXContainerItemProxy */;
		};
		66B2D87B1102648600997830 /* PBXTargetDependency */ = {
			isa = PBXTargetDependency;
			target = 8D15AC270486D014006FF6A4 /* Modazipin */;
			targetProxy = 66B2D87A1102648600997830 /* PBXContainerItemProxy */;
		};
/* End PBXTargetDependency section */

/* Begin PBXVariantGroup section */
		089C165FFE840EACC02AAC07 /* InfoPlist.strings */ = {
			isa = PBXVariantGroup;
			children = (
				089C1660FE840EACC02AAC07 /* English */,
			);
			name = InfoPlist.strings;
			sourceTree = "<group>";
		};
		2A37F4B9FDCFA73011CA2CEA /* Credits.rtf */ = {
			isa = PBXVariantGroup;
			children = (
				2A37F4BAFDCFA73011CA2CEA /* English */,
			);
			name = Credits.rtf;
			sourceTree = "<group>";
		};
		2F7446A70DB6BCF400F9684A /* MainMenu.xib */ = {
			isa = PBXVariantGroup;
			children = (
				2F7446A80DB6BCF400F9684A /* English */,
			);
			name = MainMenu.xib;
			sourceTree = "<group>";
		};
		6600E6FD11305DF7003B40E3 /* Dazip.xib */ = {
			isa = PBXVariantGroup;
			children = (
				66581F0410F3B0110088EC73 /* English */,
			);
			name = Dazip.xib;
			sourceTree = "<group>";
		};
		665295FE10F2ADD20095E65F /* AddInsList.xib */ = {
			isa = PBXVariantGroup;
			children = (
				2F7446AA0DB6BCF400F9684A /* English */,
			);
			name = AddInsList.xib;
			sourceTree = "<group>";
		};
/* End PBXVariantGroup section */

/* Begin XCBuildConfiguration section */
		26FC0AA60875C8B900E6366F /* Debug */ = {
			isa = XCBuildConfiguration;
			buildSettings = {
				ARCHS = "$(ARCHS_STANDARD_32_64_BIT)";
				COPY_PHASE_STRIP = NO;
				GCC_DYNAMIC_NO_PIC = NO;
				GCC_ENABLE_FIX_AND_CONTINUE = YES;
				GCC_ENABLE_OBJC_EXCEPTIONS = YES;
				GCC_MODEL_TUNING = G5;
				GCC_OPTIMIZATION_LEVEL = 0;
				GCC_PRECOMPILE_PREFIX_HEADER = YES;
				GCC_PREFIX_HEADER = modazipin_Prefix.pch;
				INFOPLIST_FILE = "modazipin-Info.plist";
				INSTALL_PATH = "$(HOME)/Applications";
				PRODUCT_NAME = Modazipin;
				WRAPPER_EXTENSION = app;
			};
			name = Debug;
		};
		26FC0AA70875C8B900E6366F /* Release */ = {
			isa = XCBuildConfiguration;
			buildSettings = {
				DEBUG_INFORMATION_FORMAT = "dwarf-with-dsym";
				GCC_ENABLE_OBJC_EXCEPTIONS = YES;
				GCC_MODEL_TUNING = G5;
				GCC_PRECOMPILE_PREFIX_HEADER = YES;
				GCC_PREFIX_HEADER = modazipin_Prefix.pch;
				INFOPLIST_FILE = "modazipin-Info.plist";
				INSTALL_PATH = "$(HOME)/Applications";
				PRODUCT_NAME = Modazipin;
				WRAPPER_EXTENSION = app;
			};
			name = Release;
		};
		26FC0AAA0875C8B900E6366F /* Debug */ = {
			isa = XCBuildConfiguration;
			buildSettings = {
				ARCHS = "$(ARCHS_STANDARD_32_64_BIT)";
				BUNDLE_VERSION = 1;
				GCC_C_LANGUAGE_STANDARD = gnu99;
				GCC_ENABLE_FIX_AND_CONTINUE = YES;
				GCC_ENABLE_OBJC_GC = required;
				GCC_TREAT_WARNINGS_AS_ERRORS = YES;
				GCC_VERSION = com.apple.compilers.llvm.clang.1_0;
				GCC_WARN_64_TO_32_BIT_CONVERSION = NO;
				GCC_WARN_ABOUT_RETURN_TYPE = YES;
				GCC_WARN_CHECK_SWITCH_STATEMENTS = YES;
				GCC_WARN_INITIALIZER_NOT_FULLY_BRACKETED = YES;
				GCC_WARN_MISSING_PARENTHESES = YES;
				GCC_WARN_SHADOW = YES;
				GCC_WARN_SIGN_COMPARE = YES;
				GCC_WARN_UNUSED_VARIABLE = YES;
				HEADER_SEARCH_PATHS = "${SRCROOT}/ImageMagick";
				MOMC_NO_INVERSE_RELATIONSHIP_WARNINGS = YES;
				ONLY_ACTIVE_ARCH = YES;
				RUN_CLANG_STATIC_ANALYZER = YES;
				SDKROOT = macosx10.6;
				SKIP_INSTALL = YES;
				VERSION = 1.0.1;
				WARNING_CFLAGS = "-Wreturn-type";
			};
			name = Debug;
		};
		26FC0AAB0875C8B900E6366F /* Release */ = {
			isa = XCBuildConfiguration;
			buildSettings = {
				ARCHS = "$(ARCHS_STANDARD_32_64_BIT)";
				BUNDLE_VERSION = 1;
				GCC_C_LANGUAGE_STANDARD = gnu99;
				GCC_ENABLE_OBJC_GC = required;
				GCC_TREAT_WARNINGS_AS_ERRORS = YES;
				GCC_VERSION = com.apple.compilers.llvm.clang.1_0;
				GCC_WARN_64_TO_32_BIT_CONVERSION = NO;
				GCC_WARN_ABOUT_RETURN_TYPE = YES;
				GCC_WARN_CHECK_SWITCH_STATEMENTS = YES;
				GCC_WARN_INITIALIZER_NOT_FULLY_BRACKETED = YES;
				GCC_WARN_MISSING_PARENTHESES = YES;
				GCC_WARN_SHADOW = YES;
				GCC_WARN_SIGN_COMPARE = YES;
				GCC_WARN_UNUSED_VARIABLE = YES;
				HEADER_SEARCH_PATHS = "${SRCROOT}/ImageMagick";
				MOMC_NO_INVERSE_RELATIONSHIP_WARNINGS = YES;
				RUN_CLANG_STATIC_ANALYZER = YES;
				SDKROOT = macosx10.6;
				VERSION = 1.0.1;
				WARNING_CFLAGS = "-Wreturn-type";
			};
			name = Release;
		};
		66A57F5E11C951F800787850 /* Debug */ = {
			isa = XCBuildConfiguration;
			buildSettings = {
				COPY_PHASE_STRIP = NO;
				GCC_DYNAMIC_NO_PIC = NO;
				GCC_OPTIMIZATION_LEVEL = 0;
				PRODUCT_NAME = ImageMagick;
			};
			name = Debug;
		};
		66A57F5F11C951F800787850 /* Release */ = {
			isa = XCBuildConfiguration;
			buildSettings = {
				COPY_PHASE_STRIP = YES;
				DEBUG_INFORMATION_FORMAT = "dwarf-with-dsym";
				GCC_ENABLE_FIX_AND_CONTINUE = NO;
				PRODUCT_NAME = ImageMagick;
				ZERO_LINK = NO;
			};
			name = Release;
		};
		66B2D8781102647F00997830 /* Debug */ = {
			isa = XCBuildConfiguration;
			buildSettings = {
			};
			name = Debug;
		};
		66B2D8791102647F00997830 /* Release */ = {
			isa = XCBuildConfiguration;
			buildSettings = {
				PRODUCT_NAME = "Modazipin-${VERSION}.zip";
			};
			name = Release;
		};
/* End XCBuildConfiguration section */

/* Begin XCConfigurationList section */
		26FC0AA50875C8B900E6366F /* Build configuration list for PBXNativeTarget "Modazipin" */ = {
			isa = XCConfigurationList;
			buildConfigurations = (
				26FC0AA60875C8B900E6366F /* Debug */,
				26FC0AA70875C8B900E6366F /* Release */,
			);
			defaultConfigurationIsVisible = 0;
			defaultConfigurationName = Release;
		};
		26FC0AA90875C8B900E6366F /* Build configuration list for PBXProject "modazipin" */ = {
			isa = XCConfigurationList;
			buildConfigurations = (
				26FC0AAA0875C8B900E6366F /* Debug */,
				26FC0AAB0875C8B900E6366F /* Release */,
			);
			defaultConfigurationIsVisible = 0;
			defaultConfigurationName = Release;
		};
		66A57F6011C9521600787850 /* Build configuration list for PBXLegacyTarget "ImageMagick" */ = {
			isa = XCConfigurationList;
			buildConfigurations = (
				66A57F5E11C951F800787850 /* Debug */,
				66A57F5F11C951F800787850 /* Release */,
			);
			defaultConfigurationIsVisible = 0;
			defaultConfigurationName = Release;
		};
		66B2D87C110264A400997830 /* Build configuration list for PBXAggregateTarget "Modazipin.zip" */ = {
			isa = XCConfigurationList;
			buildConfigurations = (
				66B2D8781102647F00997830 /* Debug */,
				66B2D8791102647F00997830 /* Release */,
			);
			defaultConfigurationIsVisible = 0;
			defaultConfigurationName = Release;
		};
/* End XCConfigurationList section */
	};
	rootObject = 2A37F4A9FDCFA73011CA2CEA /* Project object */;
}
